# THIS IS AN AUTOGENERATED FILE. DO NOT EDIT THIS FILE DIRECTLY.
# yarn lockfile v1


"@types/estree@0.0.39":
  version "0.0.39"
  resolved "https://registry.yarnpkg.com/@types/estree/-/estree-0.0.39.tgz#e177e699ee1b8c22d23174caaa7422644389509f"
  integrity sha512-EYNwp3bU+98cpU4lAWYYL7Zz+2gryWH1qbdDTidVd6hkiR6weksdbMadyXKXNPEkQFhXM+hVO9ZygomHXp+AIw==

"@types/node@^11.9.5":
  version "11.15.52"
  resolved "https://registry.yarnpkg.com/@types/node/-/node-11.15.52.tgz#5579c11b77e08c72720c46f7c379df8ff7fad73a"
  integrity sha512-fLxyEL5bGfxKJVlnA03LIhNF9Mjcc5h1m/98vCxJYEfhG+qrlKet7u57NKGqws6rZLQHVlWNDJJyouC7HNHWPQ==

acorn@^6.1.1:
  version "6.4.2"
  resolved "https://registry.yarnpkg.com/acorn/-/acorn-6.4.2.tgz#35866fd710528e92de10cf06016498e47e39e1e6"
  integrity sha512-XtGIhXwF8YM8bJhGxG5kXgjkEuNGLTkoYqVE+KMR+aspr4KGYmKYg7yUe3KghyQ9yheNwLnjmzh/7+gfDBmHCQ==

lodash@4.17.11:
  version "4.17.11"
  resolved "https://registry.yarnpkg.com/lodash/-/lodash-4.17.11.tgz#b39ea6229ef607ecd89e2c8df12536891cac9b8d"
  integrity sha512-cQKh8igo5QUhZ7lg38DYWAxMvjSAKG0A8wGSVimP07SIUEK2UO+arSRKbRZWtelMtN5V0Hkwh5ryOto/SshYIg==

rollup@1.6.0:
  version "1.6.0"
  resolved "https://registry.yarnpkg.com/rollup/-/rollup-1.6.0.tgz#4329f4634718197c678d18491724d50d8b7ee76c"
  integrity sha512-qu9iWyuiOxAuBM8cAwLuqPclYdarIpayrkfQB7aTGTiyYPbvx+qVF33sIznfq4bxZCiytQux/FvZieUBAXivCw==
  dependencies:
    "@types/estree" "0.0.39"
    "@types/node" "^11.9.5"
    acorn "^6.1.1"
